
Microsoft Visual Studio Solution File, Format Version 12.00
# Visual Studio Version 17
VisualStudioVersion = 17.0.31903.59
MinimumVisualStudioVersion = 10.0.40219.1
Project("{2150E333-8FDC-42A3-9474-1A3956D46DE8}") = "src", "src", "{39567659-BE5E-4D9C-A591-BB3FFFA537CA}"
EndProject
Project("{FAE04EC0-301F-11D3-BF4B-00C04F79EFBC}") = "SignalRChatServer.Api", "src\SignalRChatServer.Api\SignalRChatServer.Api.csproj", "{FD06AF1C-C8D8-42D7-8057-61A79916065F}"
EndProject
Global
	GlobalSection(SolutionConfigurationPlatforms) = preSolution
		Debug|Any CPU = Debug|Any CPU
		Release|Any CPU = Release|Any CPU
	EndGlobalSection
	GlobalSection(SolutionProperties) = preSolution
		HideSolutionNode = FALSE
	EndGlobalSection
	GlobalSection(ProjectConfigurationPlatforms) = postSolution
		{FD06AF1C-C8D8-42D7-8057-61A79916065F}.Debug|Any CPU.ActiveCfg = Debug|Any CPU
		{FD06AF1C-C8D8-42D7-8057-61A79916065F}.Debug|Any CPU.Build.0 = Debug|Any CPU
		{FD06AF1C-C8D8-42D7-8057-61A79916065F}.Release|Any CPU.ActiveCfg = Release|Any CPU
		{FD06AF1C-C8D8-42D7-8057-61A79916065F}.Release|Any CPU.Build.0 = Release|Any CPU
	EndGlobalSection
	GlobalSection(NestedProjects) = preSolution
		{FD06AF1C-C8D8-42D7-8057-61A79916065F} = {39567659-BE5E-4D9C-A591-BB3FFFA537CA}
	EndGlobalSection
EndGlobal
